
Microsoft Visual Studio Solution File, Format Version 12.00
# Visual Studio 15
VisualStudioVersion = 15.0.27130.2003
MinimumVisualStudioVersion = 10.0.40219.1
Project("{888888A0-9F3D-457C-B088-3A5042F75D52}") = "PythonSocketClient", "PythonSocketClient\PythonSocketClient.pyproj", "{F10D8A94-A46E-41B2-A385-CE0520435749}"
EndProject
Global
	GlobalSection(SolutionConfigurationPlatforms) = preSolution
		Debug|Any CPU = Debug|Any CPU
		Release|Any CPU = Release|Any CPU
	EndGlobalSection
	GlobalSection(ProjectConfigurationPlatforms) = postSolution
		{F10D8A94-A46E-41B2-A385-CE0520435749}.Debug|Any CPU.ActiveCfg = Debug|Any CPU
		{F10D8A94-A46E-41B2-A385-CE0520435749}.Release|Any CPU.ActiveCfg = Release|Any CPU
	EndGlobalSection
	GlobalSection(SolutionProperties) = preSolution
		HideSolutionNode = FALSE
	EndGlobalSection
	GlobalSection(ExtensibilityGlobals) = postSolution
		SolutionGuid = {2BBA275D-716F-4BFE-B42F-9EFCF179B6EE}
	EndGlobalSection
EndGlobal
